
Microsoft Visual Studio Solution File, Format Version 12.00
# Visual Studio Version 17
VisualStudioVersion = 17.0.31903.59
MinimumVisualStudioVersion = 10.0.40219.1
Project("{FAE04EC0-301F-11D3-BF4B-00C04F79EFBC}") = "Scada.Core", "Scada.Core\Scada.Core.csproj", "{11111111-1111-1111-1111-111111111111}"
EndProject
Project("{FAE04EC0-301F-11D3-BF4B-00C04F79EFBC}") = "Scada.Runtime", "Scada.Runtime\Scada.Runtime.csproj", "{22222222-2222-2222-2222-222222222222}"
EndProject
Project("{FAE04EC0-301F-11D3-BF4B-00C04F79EFBC}") = "Scada.Drivers", "Scada.Drivers\Scada.Drivers.csproj", "{33333333-3333-3333-3333-333333333333}"
EndProject
Project("{FAE04EC0-301F-11D3-BF4B-00C04F79EFBC}") = "Scada.Infrastructure", "Scada.Infrastructure\Scada.Infrastructure.csproj", "{44444444-4444-4444-4444-444444444444}"
EndProject
Project("{FAE04EC0-301F-11D3-BF4B-00C04F79EFBC}") = "Scada.App", "Scada.App\Scada.App.csproj", "{55555555-5555-5555-5555-555555555555}"
EndProject
Project("{FAE04EC0-301F-11D3-BF4B-00C04F79EFBC}") = "Scada.Core.Tests", "tests\Scada.Core.Tests\Scada.Core.Tests.csproj", "{66666666-6666-6666-6666-666666666666}"
EndProject
Project("{FAE04EC0-301F-11D3-BF4B-00C04F79EFBC}") = "Scada.Runtime.Tests", "tests\Scada.Runtime.Tests\Scada.Runtime.Tests.csproj", "{77777777-7777-7777-7777-777777777777}"
EndProject
Project("{FAE04EC0-301F-11D3-BF4B-00C04F79EFBC}") = "Scada.Drivers.Tests", "tests\Scada.Drivers.Tests\Scada.Drivers.Tests.csproj", "{88888888-8888-8888-8888-888888888888}"
EndProject
Project("{FAE04EC0-301F-11D3-BF4B-00C04F79EFBC}") = "Scada.Infrastructure.Tests", "tests\Scada.Infrastructure.Tests\Scada.Infrastructure.Tests.csproj", "{99999999-9999-9999-9999-999999999999}"
EndProject
Project("{2150E333-8FDC-42A3-9474-1A3956D46DE8}") = "tests", "tests", "{0AB3BF05-4346-4AA6-1389-037BE0695223}"
EndProject
Project("{FAE04EC0-301F-11D3-BF4B-00C04F79EFBC}") = "Scada.App.Tests", "tests\Scada.App.Tests\Scada.App.Tests.csproj", "{AF65183A-61EC-4F0C-A77C-62D1EA51E846}"
EndProject
Project("{2150E333-8FDC-42A3-9474-1A3956D46DE8}") = "tools", "tools", "{07C2787E-EAC7-C090-1BA3-A61EC2A24D84}"
EndProject
Project("{FAE04EC0-301F-11D3-BF4B-00C04F79EFBC}") = "Scada.Stress", "tools\Scada.Stress\Scada.Stress.csproj", "{09960F85-FCF6-479F-87A6-6CBA2FB2FB3B}"
EndProject
Project("{FAE04EC0-301F-11D3-BF4B-00C04F79EFBC}") = "Scada.Stress.Tests", "tests\Scada.Stress.Tests\Scada.Stress.Tests.csproj", "{529E17C2-3B5E-476D-A8BB-769A30574EBE}"
EndProject
Global
	GlobalSection(SolutionConfigurationPlatforms) = preSolution
		Debug|Any CPU = Debug|Any CPU
		Debug|x64 = Debug|x64
		Debug|x86 = Debug|x86
		Release|Any CPU = Release|Any CPU
		Release|x64 = Release|x64
		Release|x86 = Release|x86
	EndGlobalSection
	GlobalSection(ProjectConfigurationPlatforms) = postSolution
		{11111111-1111-1111-1111-111111111111}.Debug|Any CPU.ActiveCfg = Debug|Any CPU
		{11111111-1111-1111-1111-111111111111}.Debug|Any CPU.Build.0 = Debug|Any CPU
		{11111111-1111-1111-1111-111111111111}.Debug|x64.ActiveCfg = Debug|Any CPU
		{11111111-1111-1111-1111-111111111111}.Debug|x64.Build.0 = Debug|Any CPU
		{11111111-1111-1111-1111-111111111111}.Debug|x86.ActiveCfg = Debug|Any CPU
		{11111111-1111-1111-1111-111111111111}.Debug|x86.Build.0 = Debug|Any CPU
		{11111111-1111-1111-1111-111111111111}.Release|Any CPU.ActiveCfg = Release|Any CPU
		{11111111-1111-1111-1111-111111111111}.Release|Any CPU.Build.0 = Release|Any CPU
		{11111111-1111-1111-1111-111111111111}.Release|x64.ActiveCfg = Release|Any CPU
		{11111111-1111-1111-1111-111111111111}.Release|x64.Build.0 = Release|Any CPU
		{11111111-1111-1111-1111-111111111111}.Release|x86.ActiveCfg = Release|Any CPU
		{11111111-1111-1111-1111-111111111111}.Release|x86.Build.0 = Release|Any CPU
		{22222222-2222-2222-2222-222222222222}.Debug|Any CPU.ActiveCfg = Debug|Any CPU
		{22222222-2222-2222-2222-222222222222}.Debug|Any CPU.Build.0 = Debug|Any CPU
		{22222222-2222-2222-2222-222222222222}.Debug|x64.ActiveCfg = Debug|Any CPU
		{22222222-2222-2222-2222-222222222222}.Debug|x64.Build.0 = Debug|Any CPU
		{22222222-2222-2222-2222-222222222222}.Debug|x86.ActiveCfg = Debug|Any CPU
		{22222222-2222-2222-2222-222222222222}.Debug|x86.Build.0 = Debug|Any CPU
		{22222222-2222-2222-2222-222222222222}.Release|Any CPU.ActiveCfg = Release|Any CPU
		{22222222-2222-2222-2222-222222222222}.Release|Any CPU.Build.0 = Release|Any CPU
		{22222222-2222-2222-2222-222222222222}.Release|x64.ActiveCfg = Release|Any CPU
		{22222222-2222-2222-2222-222222222222}.Release|x64.Build.0 = Release|Any CPU
		{22222222-2222-2222-2222-222222222222}.Release|x86.ActiveCfg = Release|Any CPU
		{22222222-2222-2222-2222-222222222222}.Release|x86.Build.0 = Release|Any CPU
		{33333333-3333-3333-3333-333333333333}.Debug|Any CPU.ActiveCfg = Debug|Any CPU
		{33333333-3333-3333-3333-333333333333}.Debug|Any CPU.Build.0 = Debug|Any CPU
		{33333333-3333-3333-3333-333333333333}.Debug|x64.ActiveCfg = Debug|Any CPU
		{33333333-3333-3333-3333-333333333333}.Debug|x64.Build.0 = Debug|Any CPU
		{33333333-3333-3333-3333-333333333333}.Debug|x86.ActiveCfg = Debug|Any CPU
		{33333333-3333-3333-3333-333333333333}.Debug|x86.Build.0 = Debug|Any CPU
		{33333333-3333-3333-3333-333333333333}.Release|Any CPU.ActiveCfg = Release|Any CPU
		{33333333-3333-3333-3333-333333333333}.Release|Any CPU.Build.0 = Release|Any CPU
		{33333333-3333-3333-3333-333333333333}.Release|x64.ActiveCfg = Release|Any CPU
		{33333333-3333-3333-3333-333333333333}.Release|x64.Build.0 = Release|Any CPU
		{33333333-3333-3333-3333-333333333333}.Release|x86.ActiveCfg = Release|Any CPU
		{33333333-3333-3333-3333-333333333333}.Release|x86.Build.0 = Release|Any CPU
		{44444444-4444-4444-4444-444444444444}.Debug|Any CPU.ActiveCfg = Debug|Any CPU
		{44444444-4444-4444-4444-444444444444}.Debug|Any CPU.Build.0 = Debug|Any CPU
		{44444444-4444-4444-4444-444444444444}.Debug|x64.ActiveCfg = Debug|Any CPU
		{44444444-4444-4444-4444-444444444444}.Debug|x64.Build.0 = Debug|Any CPU
		{44444444-4444-4444-4444-444444444444}.Debug|x86.ActiveCfg = Debug|Any CPU
		{44444444-4444-4444-4444-444444444444}.Debug|x86.Build.0 = Debug|Any CPU
		{44444444-4444-4444-4444-444444444444}.Release|Any CPU.ActiveCfg = Release|Any CPU
		{44444444-4444-4444-4444-444444444444}.Release|Any CPU.Build.0 = Release|Any CPU
		{44444444-4444-4444-4444-444444444444}.Release|x64.ActiveCfg = Release|Any CPU
		{44444444-4444-4444-4444-444444444444}.Release|x64.Build.0 = Release|Any CPU
		{44444444-4444-4444-4444-444444444444}.Release|x86.ActiveCfg = Release|Any CPU
		{44444444-4444-4444-4444-444444444444}.Release|x86.Build.0 = Release|Any CPU
		{55555555-5555-5555-5555-555555555555}.Debug|Any CPU.ActiveCfg = Debug|Any CPU
		{55555555-5555-5555-5555-555555555555}.Debug|Any CPU.Build.0 = Debug|Any CPU
		{55555555-5555-5555-5555-555555555555}.Debug|x64.ActiveCfg = Debug|Any CPU
		{55555555-5555-5555-5555-555555555555}.Debug|x64.Build.0 = Debug|Any CPU
		{55555555-5555-5555-5555-555555555555}.Debug|x86.ActiveCfg = Debug|Any CPU
		{55555555-5555-5555-5555-555555555555}.Debug|x86.Build.0 = Debug|Any CPU
		{55555555-5555-5555-5555-555555555555}.Release|Any CPU.ActiveCfg = Release|Any CPU
		{55555555-5555-5555-5555-555555555555}.Release|Any CPU.Build.0 = Release|Any CPU
		{55555555-5555-5555-5555-555555555555}.Release|x64.ActiveCfg = Release|Any CPU
		{55555555-5555-5555-5555-555555555555}.Release|x64.Build.0 = Release|Any CPU
		{55555555-5555-5555-5555-555555555555}.Release|x86.ActiveCfg = Release|Any CPU
		{55555555-5555-5555-5555-555555555555}.Release|x86.Build.0 = Release|Any CPU
		{66666666-6666-6666-6666-666666666666}.Debug|Any CPU.ActiveCfg = Debug|Any CPU
		{66666666-6666-6666-6666-666666666666}.Debug|Any CPU.Build.0 = Debug|Any CPU
		{66666666-6666-6666-6666-666666666666}.Debug|x64.ActiveCfg = Debug|Any CPU
		{66666666-6666-6666-6666-666666666666}.Debug|x64.Build.0 = Debug|Any CPU
		{66666666-6666-6666-6666-666666666666}.Debug|x86.ActiveCfg = Debug|Any CPU
		{66666666-6666-6666-6666-666666666666}.Debug|x86.Build.0 = Debug|Any CPU
		{66666666-6666-6666-6666-666666666666}.Release|Any CPU.ActiveCfg = Release|Any CPU
		{66666666-6666-6666-6666-666666666666}.Release|Any CPU.Build.0 = Release|Any CPU
		{66666666-6666-6666-6666-666666666666}.Release|x64.ActiveCfg = Release|Any CPU
		{66666666-6666-6666-6666-666666666666}.Release|x64.Build.0 = Release|Any CPU
		{66666666-6666-6666-6666-666666666666}.Release|x86.ActiveCfg = Release|Any CPU
		{66666666-6666-6666-6666-666666666666}.Release|x86.Build.0 = Release|Any CPU
		{77777777-7777-7777-7777-777777777777}.Debug|Any CPU.ActiveCfg = Debug|Any CPU
		{77777777-7777-7777-7777-777777777777}.Debug|Any CPU.Build.0 = Debug|Any CPU
		{77777777-7777-7777-7777-777777777777}.Debug|x64.ActiveCfg = Debug|Any CPU
		{77777777-7777-7777-7777-777777777777}.Debug|x64.Build.0 = Debug|Any CPU
		{77777777-7777-7777-7777-777777777777}.Debug|x86.ActiveCfg = Debug|Any CPU
		{77777777-7777-7777-7777-777777777777}.Debug|x86.Build.0 = Debug|Any CPU
		{77777777-7777-7777-7777-777777777777}.Release|Any CPU.ActiveCfg = Release|Any CPU
		{77777777-7777-7777-7777-777777777777}.Release|Any CPU.Build.0 = Release|Any CPU
		{77777777-7777-7777-7777-777777777777}.Release|x64.ActiveCfg = Release|Any CPU
		{77777777-7777-7777-7777-777777777777}.Release|x64.Build.0 = Release|Any CPU
		{77777777-7777-7777-7777-777777777777}.Release|x86.ActiveCfg = Release|Any CPU
		{77777777-7777-7777-7777-777777777777}.Release|x86.Build.0 = Release|Any CPU
		{88888888-8888-8888-8888-888888888888}.Debug|Any CPU.ActiveCfg = Debug|Any CPU
		{88888888-8888-8888-8888-888888888888}.Debug|Any CPU.Build.0 = Debug|Any CPU
		{88888888-8888-8888-8888-888888888888}.Debug|x64.ActiveCfg = Debug|Any CPU
		{88888888-8888-8888-8888-888888888888}.Debug|x64.Build.0 = Debug|Any CPU
		{88888888-8888-8888-8888-888888888888}.Debug|x86.ActiveCfg = Debug|Any CPU
		{88888888-8888-8888-8888-888888888888}.Debug|x86.Build.0 = Debug|Any CPU
		{88888888-8888-8888-8888-888888888888}.Release|Any CPU.ActiveCfg = Release|Any CPU
		{88888888-8888-8888-8888-888888888888}.Release|Any CPU.Build.0 = Release|Any CPU
		{88888888-8888-8888-8888-888888888888}.Release|x64.ActiveCfg = Release|Any CPU
		{88888888-8888-8888-8888-888888888888}.Release|x64.Build.0 = Release|Any CPU
		{88888888-8888-8888-8888-888888888888}.Release|x86.ActiveCfg = Release|Any CPU
		{88888888-8888-8888-8888-888888888888}.Release|x86.Build.0 = Release|Any CPU
		{99999999-9999-9999-9999-999999999999}.Debug|Any CPU.ActiveCfg = Debug|Any CPU
		{99999999-9999-9999-9999-999999999999}.Debug|Any CPU.Build.0 = Debug|Any CPU
		{99999999-9999-9999-9999-999999999999}.Debug|x64.ActiveCfg = Debug|Any CPU
		{99999999-9999-9999-9999-999999999999}.Debug|x64.Build.0 = Debug|Any CPU
		{99999999-9999-9999-9999-999999999999}.Debug|x86.ActiveCfg = Debug|Any CPU
		{99999999-9999-9999-9999-999999999999}.Debug|x86.Build.0 = Debug|Any CPU
		{99999999-9999-9999-9999-999999999999}.Release|Any CPU.ActiveCfg = Release|Any CPU
		{99999999-9999-9999-9999-999999999999}.Release|Any CPU.Build.0 = Release|Any CPU
		{99999999-9999-9999-9999-999999999999}.Release|x64.ActiveCfg = Release|Any CPU
		{99999999-9999-9999-9999-999999999999}.Release|x64.Build.0 = Release|Any CPU
		{99999999-9999-9999-9999-999999999999}.Release|x86.ActiveCfg = Release|Any CPU
		{99999999-9999-9999-9999-999999999999}.Release|x86.Build.0 = Release|Any CPU
		{AF65183A-61EC-4F0C-A77C-62D1EA51E846}.Debug|Any CPU.ActiveCfg = Debug|Any CPU
		{AF65183A-61EC-4F0C-A77C-62D1EA51E846}.Debug|Any CPU.Build.0 = Debug|Any CPU
		{AF65183A-61EC-4F0C-A77C-62D1EA51E846}.Debug|x64.ActiveCfg = Debug|Any CPU
		{AF65183A-61EC-4F0C-A77C-62D1EA51E846}.Debug|x64.Build.0 = Debug|Any CPU
		{AF65183A-61EC-4F0C-A77C-62D1EA51E846}.Debug|x86.ActiveCfg = Debug|Any CPU
		{AF65183A-61EC-4F0C-A77C-62D1EA51E846}.Debug|x86.Build.0 = Debug|Any CPU
		{AF65183A-61EC-4F0C-A77C-62D1EA51E846}.Release|Any CPU.ActiveCfg = Release|Any CPU
		{AF65183A-61EC-4F0C-A77C-62D1EA51E846}.Release|Any CPU.Build.0 = Release|Any CPU
		{AF65183A-61EC-4F0C-A77C-62D1EA51E846}.Release|x64.ActiveCfg = Release|Any CPU
		{AF65183A-61EC-4F0C-A77C-62D1EA51E846}.Release|x64.Build.0 = Release|Any CPU
		{AF65183A-61EC-4F0C-A77C-62D1EA51E846}.Release|x86.ActiveCfg = Release|Any CPU
		{AF65183A-61EC-4F0C-A77C-62D1EA51E846}.Release|x86.Build.0 = Release|Any CPU
		{09960F85-FCF6-479F-87A6-6CBA2FB2FB3B}.Debug|Any CPU.ActiveCfg = Debug|Any CPU
		{09960F85-FCF6-479F-87A6-6CBA2FB2FB3B}.Debug|Any CPU.Build.0 = Debug|Any CPU
		{09960F85-FCF6-479F-87A6-6CBA2FB2FB3B}.Debug|x64.ActiveCfg = Debug|Any CPU
		{09960F85-FCF6-479F-87A6-6CBA2FB2FB3B}.Debug|x64.Build.0 = Debug|Any CPU
		{09960F85-FCF6-479F-87A6-6CBA2FB2FB3B}.Debug|x86.ActiveCfg = Debug|Any CPU
		{09960F85-FCF6-479F-87A6-6CBA2FB2FB3B}.Debug|x86.Build.0 = Debug|Any CPU
		{09960F85-FCF6-479F-87A6-6CBA2FB2FB3B}.Release|Any CPU.ActiveCfg = Release|Any CPU
		{09960F85-FCF6-479F-87A6-6CBA2FB2FB3B}.Release|Any CPU.Build.0 = Release|Any CPU
		{09960F85-FCF6-479F-87A6-6CBA2FB2FB3B}.Release|x64.ActiveCfg = Release|Any CPU
		{09960F85-FCF6-479F-87A6-6CBA2FB2FB3B}.Release|x64.Build.0 = Release|Any CPU
		{09960F85-FCF6-479F-87A6-6CBA2FB2FB3B}.Release|x86.ActiveCfg = Release|Any CPU
		{09960F85-FCF6-479F-87A6-6CBA2FB2FB3B}.Release|x86.Build.0 = Release|Any CPU
		{529E17C2-3B5E-476D-A8BB-769A30574EBE}.Debug|Any CPU.ActiveCfg = Debug|Any CPU
		{529E17C2-3B5E-476D-A8BB-769A30574EBE}.Debug|Any CPU.Build.0 = Debug|Any CPU
		{529E17C2-3B5E-476D-A8BB-769A30574EBE}.Debug|x64.ActiveCfg = Debug|Any CPU
		{529E17C2-3B5E-476D-A8BB-769A30574EBE}.Debug|x64.Build.0 = Debug|Any CPU
		{529E17C2-3B5E-476D-A8BB-769A30574EBE}.Debug|x86.ActiveCfg = Debug|Any CPU
		{529E17C2-3B5E-476D-A8BB-769A30574EBE}.Debug|x86.Build.0 = Debug|Any CPU
		{529E17C2-3B5E-476D-A8BB-769A30574EBE}.Release|Any CPU.ActiveCfg = Release|Any CPU
		{529E17C2-3B5E-476D-A8BB-769A30574EBE}.Release|Any CPU.Build.0 = Release|Any CPU
		{529E17C2-3B5E-476D-A8BB-769A30574EBE}.Release|x64.ActiveCfg = Release|Any CPU
		{529E17C2-3B5E-476D-A8BB-769A30574EBE}.Release|x64.Build.0 = Release|Any CPU
		{529E17C2-3B5E-476D-A8BB-769A30574EBE}.Release|x86.ActiveCfg = Release|Any CPU
		{529E17C2-3B5E-476D-A8BB-769A30574EBE}.Release|x86.Build.0 = Release|Any CPU
	EndGlobalSection
	GlobalSection(SolutionProperties) = preSolution
		HideSolutionNode = FALSE
	EndGlobalSection
	GlobalSection(NestedProjects) = preSolution
		{AF65183A-61EC-4F0C-A77C-62D1EA51E846} = {0AB3BF05-4346-4AA6-1389-037BE0695223}
		{09960F85-FCF6-479F-87A6-6CBA2FB2FB3B} = {07C2787E-EAC7-C090-1BA3-A61EC2A24D84}
		{529E17C2-3B5E-476D-A8BB-769A30574EBE} = {0AB3BF05-4346-4AA6-1389-037BE0695223}
	EndGlobalSection
EndGlobal
